Microsoft Visual Studio Solution File, Format Version 12.00
# Visual Studio 15
VisualStudioVersion = 15.0.26124.0
MinimumVisualStudioVersion = 15.0.26124.0
Project("{9A19103F-16F7-4668-BE54-9A1E7A4F7556}") = "ApiPessoa.Api", "ApiPessoa.Api\ApiPessoa.Api.csproj", "{735682C4-CC79-4B9A-AA21-EDBF4F69731A}"
EndProject
Project("{9A19103F-16F7-4668-BE54-9A1E7A4F7556}") = "ApiPessoa.Domain", "ApiPessoa.Domain\ApiPessoa.Domain.csproj", "{2897BB1D-46C8-4568-9C70-0BE30472B171}"
EndProject
Project("{9A19103F-16F7-4668-BE54-9A1E7A4F7556}") = "ApiPessoa.Infra", "ApiPessoa.Infra\ApiPessoa.Infra.csproj", "{FBA3D263-1839-4332-AA55-6CBA4CFBF4ED}"
EndProject
Project("{9A19103F-16F7-4668-BE54-9A1E7A4F7556}") = "ApiPessoa.Shared", "ApiPessoa.Shared\ApiPessoa.Shared.csproj", "{A2C91374-12CA-47C1-B526-2CE79A57778E}"
EndProject
Global
	GlobalSection(SolutionConfigurationPlatforms) = preSolution
		Debug|Any CPU = Debug|Any CPU
		Debug|x64 = Debug|x64
		Debug|x86 = Debug|x86
		Release|Any CPU = Release|Any CPU
		Release|x64 = Release|x64
		Release|x86 = Release|x86
	EndGlobalSection
	GlobalSection(ProjectConfigurationPlatforms) = postSolution
		{735682C4-CC79-4B9A-AA21-EDBF4F69731A}.Debug|Any CPU.ActiveCfg = Debug|Any CPU
		{735682C4-CC79-4B9A-AA21-EDBF4F69731A}.Debug|Any CPU.Build.0 = Debug|Any CPU
		{735682C4-CC79-4B9A-AA21-EDBF4F69731A}.Debug|x64.ActiveCfg = Debug|Any CPU
		{735682C4-CC79-4B9A-AA21-EDBF4F69731A}.Debug|x64.Build.0 = Debug|Any CPU
		{735682C4-CC79-4B9A-AA21-EDBF4F69731A}.Debug|x86.ActiveCfg = Debug|Any CPU
		{735682C4-CC79-4B9A-AA21-EDBF4F69731A}.Debug|x86.Build.0 = Debug|Any CPU
		{735682C4-CC79-4B9A-AA21-EDBF4F69731A}.Release|Any CPU.ActiveCfg = Release|Any CPU
		{735682C4-CC79-4B9A-AA21-EDBF4F69731A}.Release|Any CPU.Build.0 = Release|Any CPU
		{735682C4-CC79-4B9A-AA21-EDBF4F69731A}.Release|x64.ActiveCfg = Release|Any CPU
		{735682C4-CC79-4B9A-AA21-EDBF4F69731A}.Release|x64.Build.0 = Release|Any CPU
		{735682C4-CC79-4B9A-AA21-EDBF4F69731A}.Release|x86.ActiveCfg = Release|Any CPU
		{735682C4-CC79-4B9A-AA21-EDBF4F69731A}.Release|x86.Build.0 = Release|Any CPU
		{2897BB1D-46C8-4568-9C70-0BE30472B171}.Debug|Any CPU.ActiveCfg = Debug|Any CPU
		{2897BB1D-46C8-4568-9C70-0BE30472B171}.Debug|Any CPU.Build.0 = Debug|Any CPU
		{2897BB1D-46C8-4568-9C70-0BE30472B171}.Debug|x64.ActiveCfg = Debug|Any CPU
		{2897BB1D-46C8-4568-9C70-0BE30472B171}.Debug|x64.Build.0 = Debug|Any CPU
		{2897BB1D-46C8-4568-9C70-0BE30472B171}.Debug|x86.ActiveCfg = Debug|Any CPU
		{2897BB1D-46C8-4568-9C70-0BE30472B171}.Debug|x86.Build.0 = Debug|Any CPU
		{2897BB1D-46C8-4568-9C70-0BE30472B171}.Release|Any CPU.ActiveCfg = Release|Any CPU
		{2897BB1D-46C8-4568-9C70-0BE30472B171}.Release|Any CPU.Build.0 = Release|Any CPU
		{2897BB1D-46C8-4568-9C70-0BE30472B171}.Release|x64.ActiveCfg = Release|Any CPU
		{2897BB1D-46C8-4568-9C70-0BE30472B171}.Release|x64.Build.0 = Release|Any CPU
		{2897BB1D-46C8-4568-9C70-0BE30472B171}.Release|x86.ActiveCfg = Release|Any CPU
		{2897BB1D-46C8-4568-9C70-0BE30472B171}.Release|x86.Build.0 = Release|Any CPU
		{FBA3D263-1839-4332-AA55-6CBA4CFBF4ED}.Debug|Any CPU.ActiveCfg = Debug|Any CPU
		{FBA3D263-1839-4332-AA55-6CBA4CFBF4ED}.Debug|Any CPU.Build.0 = Debug|Any CPU
		{FBA3D263-1839-4332-AA55-6CBA4CFBF4ED}.Debug|x64.ActiveCfg = Debug|Any CPU
		{FBA3D263-1839-4332-AA55-6CBA4CFBF4ED}.Debug|x64.Build.0 = Debug|Any CPU
		{FBA3D263-1839-4332-AA55-6CBA4CFBF4ED}.Debug|x86.ActiveCfg = Debug|Any CPU
		{FBA3D263-1839-4332-AA55-6CBA4CFBF4ED}.Debug|x86.Build.0 = Debug|Any CPU
		{FBA3D263-1839-4332-AA55-6CBA4CFBF4ED}.Release|Any CPU.ActiveCfg = Release|Any CPU
		{FBA3D263-1839-4332-AA55-6CBA4CFBF4ED}.Release|Any CPU.Build.0 = Release|Any CPU
		{FBA3D263-1839-4332-AA55-6CBA4CFBF4ED}.Release|x64.ActiveCfg = Release|Any CPU
		{FBA3D263-1839-4332-AA55-6CBA4CFBF4ED}.Release|x64.Build.0 = Release|Any CPU
		{FBA3D263-1839-4332-AA55-6CBA4CFBF4ED}.Release|x86.ActiveCfg = Release|Any CPU
		{FBA3D263-1839-4332-AA55-6CBA4CFBF4ED}.Release|x86.Build.0 = Release|Any CPU
		{A2C91374-12CA-47C1-B526-2CE79A57778E}.Debug|Any CPU.ActiveCfg = Debug|Any CPU
		{A2C91374-12CA-47C1-B526-2CE79A57778E}.Debug|Any CPU.Build.0 = Debug|Any CPU
		{A2C91374-12CA-47C1-B526-2CE79A57778E}.Debug|x64.ActiveCfg = Debug|Any CPU
		{A2C91374-12CA-47C1-B526-2CE79A57778E}.Debug|x64.Build.0 = Debug|Any CPU
		{A2C91374-12CA-47C1-B526-2CE79A57778E}.Debug|x86.ActiveCfg = Debug|Any CPU
		{A2C91374-12CA-47C1-B526-2CE79A57778E}.Debug|x86.Build.0 = Debug|Any CPU
		{A2C91374-12CA-47C1-B526-2CE79A57778E}.Release|Any CPU.ActiveCfg = Release|Any CPU
		{A2C91374-12CA-47C1-B526-2CE79A57778E}.Release|Any CPU.Build.0 = Release|Any CPU
		{A2C91374-12CA-47C1-B526-2CE79A57778E}.Release|x64.ActiveCfg = Release|Any CPU
		{A2C91374-12CA-47C1-B526-2CE79A57778E}.Release|x64.Build.0 = Release|Any CPU
		{A2C91374-12CA-47C1-B526-2CE79A57778E}.Release|x86.ActiveCfg = Release|Any CPU
		{A2C91374-12CA-47C1-B526-2CE79A57778E}.Release|x86.Build.0 = Release|Any CPU
	EndGlobalSection
	GlobalSection(SolutionProperties) = preSolution
		HideSolutionNode = FALSE
	EndGlobalSection
	GlobalSection(ExtensibilityGlobals) = postSolution
		SolutionGuid = {9398623F-BAE3-4C1C-AA1B-596D719F6FE9}
	EndGlobalSection
EndGlobal
